// !$*UTF8*$!
{
	archiveVersion = 1;
	classes = {
	};
	objectVersion = 46;
	objects = {

/* Begin PBXBuildFile section */
		A72F74F015ED74020018627A /* UIKit.framework in Frameworks */ = {isa = PBXBuildFile; fileRef = A72F74EF15ED74020018627A /* UIKit.framework */; };
		A72F74F215ED74020018627A /* Foundation.framework in Frameworks */ = {isa = PBXBuildFile; fileRef = A72F74F115ED74020018627A /* Foundation.framework */; };
		A72F74F415ED74020018627A /* CoreGraphics.framework in Frameworks */ = {isa = PBXBuildFile; fileRef = A72F74F315ED74020018627A /* CoreGraphics.framework */; };
		A72F74FA15ED74020018627A /* InfoPlist.strings in Resources */ = {isa = PBXBuildFile; fileRef = A72F74F815ED74020018627A /* InfoPlist.strings */; };
		A72F750315ED74020018627A /* MainStoryboard.storyboard in Resources */ = {isa = PBXBuildFile; fileRef = A72F750115ED74020018627A /* MainStoryboard.storyboard */; };
		A72F753715ED75210018627A /* AppDelegate.m in Sources */ = {isa = PBXBuildFile; fileRef = A72F74FF15ED74020018627A /* AppDelegate.m */; };
		A72F753815ED75210018627A /* ViewController.m in Sources */ = {isa = PBXBuildFile; fileRef = A72F750515ED74020018627A /* ViewController.m */; };
		A72F753915ED75210018627A /* main.m in Sources */ = {isa = PBXBuildFile; fileRef = A72F74FB15ED74020018627A /* main.m */; };
/* End PBXBuildFile section */

/* Begin PBXFileReference section */
		A72F74EB15ED74020018627A /* ExtraGridLines.app */ = {isa = PBXFileReference; explicitFileType = wrapper.application; includeInIndex = 0; path = ExtraGridLines.app; sourceTree = BUILT_PRODUCTS_DIR; };
		A72F74EF15ED74020018627A /* UIKit.framework */ = {isa = PBXFileReference; lastKnownFileType = wrapper.framework; name = UIKit.framework; path = System/Library/Frameworks/UIKit.framework; sourceTree = SDKROOT; };
		A72F74F115ED74020018627A /* Foundation.framework */ = {isa = PBXFileReference; lastKnownFileType = wrapper.framework; name = Foundation.framework; path = System/Library/Frameworks/Foundation.framework; sourceTree = SDKROOT; };
		A72F74F315ED74020018627A /* CoreGraphics.framework */ = {isa = PBXFileReference; lastKnownFileType = wrapper.framework; name = CoreGraphics.framework; path = System/Library/Frameworks/CoreGraphics.framework; sourceTree = SDKROOT; };
		A72F74F715ED74020018627A /* ExtraGridLines-Info.plist */ = {isa = PBXFileReference; lastKnownFileType = text.plist.xml; path = "ExtraGridLines-Info.plist"; sourceTree = "<group>"; };
		A72F74F915ED74020018627A /* en */ = {isa = PBXFileReference; lastKnownFileType = text.plist.strings; name = en; path = en.lproj/InfoPlist.strings; sourceTree = "<group>"; };
		A72F74FB15ED74020018627A /* main.m */ = {isa = PBXFileReference; lastKnownFileType = sourcecode.c.objc; path = main.m; sourceTree = "<group>"; };
		A72F74FD15ED74020018627A /* ExtraGridLines-Prefix.pch */ = {isa = PBXFileReference; lastKnownFileType = sourcecode.c.h; path = "ExtraGridLines-Prefix.pch"; sourceTree = "<group>"; };
		A72F74FE15ED74020018627A /* AppDelegate.h */ = {isa = PBXFileReference; lastKnownFileType = sourcecode.c.h; path = AppDelegate.h; sourceTree = "<group>"; };
		A72F74FF15ED74020018627A /* AppDelegate.m */ = {isa = PBXFileReference; lastKnownFileType = sourcecode.c.objc; path = AppDelegate.m; sourceTree = "<group>"; };
		A72F750215ED74020018627A /* en */ = {isa = PBXFileReference; lastKnownFileType = file.storyboard; name = en; path = en.lproj/MainStoryboard.storyboard; sourceTree = "<group>"; };
		A72F750415ED74020018627A /* ViewController.h */ = {isa = PBXFileReference; lastKnownFileType = sourcecode.c.h; path = ViewController.h; sourceTree = "<group>"; };
		A72F750515ED74020018627A /* ViewController.m */ = {isa = PBXFileReference; lastKnownFileType = sourcecode.c.objc; path = ViewController.m; sourceTree = "<group>"; };
		A72F750D15ED74030018627A /* SenTestingKit.framework */ = {isa = PBXFileReference; lastKnownFileType = wrapper.framework; name = SenTestingKit.framework; path = Library/Frameworks/SenTestingKit.framework; sourceTree = DEVELOPER_DIR; };
/* End PBXFileReference section */

/* Begin PBXFrameworksBuildPhase section */
		A72F74E815ED74020018627A /* Frameworks */ = {
			isa = PBXFrameworksBuildPhase;
			buildActionMask = 2147483647;
			files = (
				A72F74F015ED74020018627A /* UIKit.framework in Frameworks */,
				A72F74F215ED74020018627A /* Foundation.framework in Frameworks */,
				A72F74F415ED74020018627A /* CoreGraphics.framework in Frameworks */,
			);
			runOnlyForDeploymentPostprocessing = 0;
		};
/* End PBXFrameworksBuildPhase section */

/* Begin PBXGroup section */
		A72F74E015ED74020018627A = {
			isa = PBXGroup;
			children = (
				A72F752C15ED74980018627A /* ExtraGridLines */,
				A72F74EE15ED74020018627A /* Frameworks */,
				A72F74EC15ED74020018627A /* Products */,
			);
			sourceTree = "<group>";
		};
		A72F74EC15ED74020018627A /* Products */ = {
			isa = PBXGroup;
			children = (
				A72F74EB15ED74020018627A /* ExtraGridLines.app */,
			);
			name = Products;
			sourceTree = "<group>";
		};
		A72F74EE15ED74020018627A /* Frameworks */ = {
			isa = PBXGroup;
			children = (
				A72F74EF15ED74020018627A /* UIKit.framework */,
				A72F74F115ED74020018627A /* Foundation.framework */,
				A72F74F315ED74020018627A /* CoreGraphics.framework */,
				A72F750D15ED74030018627A /* SenTestingKit.framework */,
			);
			name = Frameworks;
			sourceTree = "<group>";
		};
		A72F74F615ED74020018627A /* Supporting Files */ = {
			isa = PBXGroup;
			children = (
				A72F74F715ED74020018627A /* ExtraGridLines-Info.plist */,
				A72F74F815ED74020018627A /* InfoPlist.strings */,
				A72F74FD15ED74020018627A /* ExtraGridLines-Prefix.pch */,
			);
			name = "Supporting Files";
			sourceTree = "<group>";
		};
		A72F752C15ED74980018627A /* ExtraGridLines */ = {
			isa = PBXGroup;
			children = (
				A72F74FE15ED74020018627A /* AppDelegate.h */,
				A72F74FF15ED74020018627A /* AppDelegate.m */,
				A72F750115ED74020018627A /* MainStoryboard.storyboard */,
				A72F750415ED74020018627A /* ViewController.h */,
				A72F750515ED74020018627A /* ViewController.m */,
				A72F74FB15ED74020018627A /* main.m */,
				A72F74F615ED74020018627A /* Supporting Files */,
			);
			name = ExtraGridLines;
			sourceTree = "<group>";
		};
/* End PBXGroup section */

/* Begin PBXNativeTarget section */
		A72F74EA15ED74020018627A /* ExtraGridLines */ = {
			isa = PBXNativeTarget;
			buildConfigurationList = A72F751E15ED74030018627A /* Build configuration list for PBXNativeTarget "ExtraGridLines" */;
			buildPhases = (
				A72F74E715ED74020018627A /* Sources */,
				A72F74E815ED74020018627A /* Frameworks */,
				A72F74E915ED74020018627A /* Resources */,
			);
			buildRules = (
			);
			dependencies = (
			);
			name = ExtraGridLines;
			productName = ExtraGridLines;
			productReference = A72F74EB15ED74020018627A /* ExtraGridLines.app */;
			productType = "com.apple.product-type.application";
		};
/* End PBXNativeTarget section */

/* Begin PBXProject section */
		A72F74E215ED74020018627A /* Project object */ = {
			isa = PBXProject;
			attributes = {
				LastUpgradeCheck = 0440;
				ORGANIZATIONNAME = "Steven Fisher";
			};
			buildConfigurationList = A72F74E515ED74020018627A /* Build configuration list for PBXProject "ExtraGridLines" */;
			compatibilityVersion = "Xcode 3.2";
			developmentRegion = English;
			hasScannedForEncodings = 0;
			knownRegions = (
				en,
			);
			mainGroup = A72F74E015ED74020018627A;
			productRefGroup = A72F74EC15ED74020018627A /* Products */;
			projectDirPath = "";
			projectRoot = "";
			targets = (
				A72F74EA15ED74020018627A /* ExtraGridLines */,
			);
		};
/* End PBXProject section */

/* Begin PBXResourcesBuildPhase section */
		A72F74E915ED74020018627A /* Resources */ = {
			isa = PBXResourcesBuildPhase;
			buildActionMask = 2147483647;
			files = (
				A72F74FA15ED74020018627A /* InfoPlist.strings in Resources */,
				A72F750315ED74020018627A /* MainStoryboard.storyboard in Resources */,
			);
			runOnlyForDeploymentPostprocessing = 0;
		};
/* End PBXResourcesBuildPhase section */

/* Begin PBXSourcesBuildPhase section */
		A72F74E715ED74020018627A /* Sources */ = {
			isa = PBXSourcesBuildPhase;
			buildActionMask = 2147483647;
			files = (
				A72F753715ED75210018627A /* AppDelegate.m in Sources */,
				A72F753815ED75210018627A /* ViewController.m in Sources */,
				A72F753915ED75210018627A /* main.m in Sources */,
			);
			runOnlyForDeploymentPostprocessing = 0;
		};
/* End PBXSourcesBuildPhase section */

/* Begin PBXVariantGroup section */
		A72F74F815ED74020018627A /* InfoPlist.strings */ = {
			isa = PBXVariantGroup;
			children = (
				A72F74F915ED74020018627A /* en */,
			);
			name = InfoPlist.strings;
			sourceTree = "<group>";
		};
		A72F750115ED74020018627A /* MainStoryboard.storyboard */ = {
			isa = PBXVariantGroup;
			children = (
				A72F750215ED74020018627A /* en */,
			);
			name = MainStoryboard.storyboard;
			path = .;
			sourceTree = "<group>";
		};
/* End PBXVariantGroup section */

/* Begin XCBuildConfiguration section */
		A72F751C15ED74030018627A /* Debug */ = {
			isa = XCBuildConfiguration;
			buildSettings = {
				ALWAYS_SEARCH_USER_PATHS = NO;
				ARCHS = "$(ARCHS_STANDARD_32_BIT)";
				CLANG_CXX_LANGUAGE_STANDARD = "gnu++0x";
				CLANG_ENABLE_OBJC_ARC = YES;
				CLANG_WARN__DUPLICATE_METHOD_MATCH = YES;
				"CODE_SIGN_IDENTITY[sdk=iphoneos*]" = "iPhone Developer";
				COPY_PHASE_STRIP = NO;
				GCC_C_LANGUAGE_STANDARD = gnu99;
				GCC_DYNAMIC_NO_PIC = NO;
				GCC_OPTIMIZATION_LEVEL = 0;
				GCC_PREPROCESSOR_DEFINITIONS = (
					"DEBUG=1",
					"$(inherited)",
				);
				GCC_SYMBOLS_PRIVATE_EXTERN = NO;
				GCC_VERSION = com.apple.compilers.llvm.clang.1_0;
				GCC_WARN_ABOUT_RETURN_TYPE = YES;
				GCC_WARN_UNINITIALIZED_AUTOS = YES;
				GCC_WARN_UNUSED_VARIABLE = YES;
				IPHONEOS_DEPLOYMENT_TARGET = 5.1;
				SDKROOT = iphoneos;
			};
			name = Debug;
		};
		A72F751D15ED74030018627A /* Release */ = {
			isa = XCBuildConfiguration;
			buildSettings = {
				ALWAYS_SEARCH_USER_PATHS = NO;
				ARCHS = "$(ARCHS_STANDARD_32_BIT)";
				CLANG_CXX_LANGUAGE_STANDARD = "gnu++0x";
				CLANG_ENABLE_OBJC_ARC = YES;
				CLANG_WARN__DUPLICATE_METHOD_MATCH = YES;
				"CODE_SIGN_IDENTITY[sdk=iphoneos*]" = "iPhone Developer";
				COPY_PHASE_STRIP = YES;
				GCC_C_LANGUAGE_STANDARD = gnu99;
				GCC_VERSION = com.apple.compilers.llvm.clang.1_0;
				GCC_WARN_ABOUT_RETURN_TYPE = YES;
				GCC_WARN_UNINITIALIZED_AUTOS = YES;
				GCC_WARN_UNUSED_VARIABLE = YES;
				IPHONEOS_DEPLOYMENT_TARGET = 5.1;
				OTHER_CFLAGS = "-DNS_BLOCK_ASSERTIONS=1";
				SDKROOT = iphoneos;
				VALIDATE_PRODUCT = YES;
			};
			name = Release;
		};
		A72F751F15ED74030018627A /* Debug */ = {
			isa = XCBuildConfiguration;
			buildSettings = {
				GCC_PRECOMPILE_PREFIX_HEADER = YES;
				GCC_PREFIX_HEADER = "ExtraGridLines-Prefix.pch";
				INFOPLIST_FILE = "ExtraGridLines-Info.plist";
				PRODUCT_NAME = "$(TARGET_NAME)";
				WRAPPER_EXTENSION = app;
			};
			name = Debug;
		};
		A72F752015ED74030018627A /* Release */ = {
			isa = XCBuildConfiguration;
			buildSettings = {
				GCC_PRECOMPILE_PREFIX_HEADER = YES;
				GCC_PREFIX_HEADER = "ExtraGridLines-Prefix.pch";
				INFOPLIST_FILE = "ExtraGridLines-Info.plist";
				PRODUCT_NAME = "$(TARGET_NAME)";
				WRAPPER_EXTENSION = app;
			};
			name = Release;
		};
/* End XCBuildConfiguration section */

/* Begin XCConfigurationList section */
		A72F74E515ED74020018627A /* Build configuration list for PBXProject "ExtraGridLines" */ = {
			isa = XCConfigurationList;
			buildConfigurations = (
				A72F751C15ED74030018627A /* Debug */,
				A72F751D15ED74030018627A /* Release */,
			);
			defaultConfigurationIsVisible = 0;
			defaultConfigurationName = Release;
		};
		A72F751E15ED74030018627A /* Build configuration list for PBXNativeTarget "ExtraGridLines" */ = {
			isa = XCConfigurationList;
			buildConfigurations = (
				A72F751F15ED74030018627A /* Debug */,
				A72F752015ED74030018627A /* Release */,
			);
			defaultConfigurationIsVisible = 0;
			defaultConfigurationName = Release;
		};
/* End XCConfigurationList section */
	};
	rootObject = A72F74E215ED74020018627A /* Project object */;
}
